{
  "pins" : [
    {
      "identity" : "glean-swift",
      "kind" : "remoteSourceControl",
      "location" : "https://github.com/mozilla/glean-swift",
      "state" : {
        "revision" : "6c0a81559237171d973b101cd4d75b0c1c5af29f",
        "version" : "50.1.2"
      }
    },
    {
      "identity" : "rust-components-swift",
      "kind" : "remoteSourceControl",
      "location" : "https://github.com/mozilla/rust-components-swift",
      "state" : {
        "revision" : "0e66e82662443403c2484af5cb7f857cbbee5ffa",
        "version" : "93.7.0"
      }
    }
  ],
  "version" : 2
}
